
Microsoft Visual Studio Solution File, Format Version 12.00
# Visual Studio Version 16
VisualStudioVersion = 16.0.30503.244
MinimumVisualStudioVersion = 10.0.40219.1
Project("{9A19103F-16F7-4668-BE54-9A1E7A4F7556}") = "ToDoApplication", "ToDoApplication\ToDoApplication.csproj", "{AD9520D9-FD1B-4789-87B9-A83ADDFE6ECD}"
EndProject
Project("{FAE04EC0-301F-11D3-BF4B-00C04F79EFBC}") = "ToDoApplicationTestProject", "ToDoApplicationTestProject\ToDoApplicationTestProject.csproj", "{55222D08-7D5B-4774-9DBB-9F3E1156D12B}"
EndProject
Global
	GlobalSection(SolutionConfigurationPlatforms) = preSolution
		Debug|Any CPU = Debug|Any CPU
		Release|Any CPU = Release|Any CPU
	EndGlobalSection
	GlobalSection(ProjectConfigurationPlatforms) = postSolution
		{AD9520D9-FD1B-4789-87B9-A83ADDFE6ECD}.Debug|Any CPU.ActiveCfg = Debug|Any CPU
		{AD9520D9-FD1B-4789-87B9-A83ADDFE6ECD}.Debug|Any CPU.Build.0 = Debug|Any CPU
		{AD9520D9-FD1B-4789-87B9-A83ADDFE6ECD}.Release|Any CPU.ActiveCfg = Release|Any CPU
		{AD9520D9-FD1B-4789-87B9-A83ADDFE6ECD}.Release|Any CPU.Build.0 = Release|Any CPU
		{55222D08-7D5B-4774-9DBB-9F3E1156D12B}.Debug|Any CPU.ActiveCfg = Debug|Any CPU
		{55222D08-7D5B-4774-9DBB-9F3E1156D12B}.Debug|Any CPU.Build.0 = Debug|Any CPU
		{55222D08-7D5B-4774-9DBB-9F3E1156D12B}.Release|Any CPU.ActiveCfg = Release|Any CPU
		{55222D08-7D5B-4774-9DBB-9F3E1156D12B}.Release|Any CPU.Build.0 = Release|Any CPU
	EndGlobalSection
	GlobalSection(SolutionProperties) = preSolution
		HideSolutionNode = FALSE
	EndGlobalSection
	GlobalSection(ExtensibilityGlobals) = postSolution
		SolutionGuid = {DCE32255-4540-48B6-889E-2E0BD2AEDBE5}
	EndGlobalSection
EndGlobal
